# This file is @generated by PDM.
# It is not intended for manual editing.

[metadata]
groups = ["default", "test", "dev", "gui-design"]
strategy = ["cross_platform", "inherit_metadata"]
lock_version = "4.4.1"
content_hash = "sha256:74a02edaded06187f27cc8e4981502ae728c6a752a4392a9dd7e5206fc639a7d"

[[package]]
name = "appdirs"
version = "1.4.4"
summary = "A small Python module for determining appropriate platform-specific dirs, e.g. a \"user data dir\"."
groups = ["gui-design"]
files = [
    {file = "appdirs-1.4.4-py2.py3-none-any.whl", hash = "sha256:a841dacd6b99318a741b166adb07e19ee71a274450e68237b4650ca1055ab128"},
    {file = "appdirs-1.4.4.tar.gz", hash = "sha256:7d5d0167b2b1ba821647616af46a749d1c653740dd0d2415100fe26e27afdf41"},
]

[[package]]
name = "autopep8"
version = "2.0.4"
requires_python = ">=3.6"
summary = "A tool that automatically formats Python code to conform to the PEP 8 style guide"
groups = ["gui-design"]
dependencies = [
    "pycodestyle>=2.10.0",
]
files = [
    {file = "autopep8-2.0.4-py2.py3-none-any.whl", hash = "sha256:067959ca4a07b24dbd5345efa8325f5f58da4298dab0dde0443d5ed765de80cb"},
    {file = "autopep8-2.0.4.tar.gz", hash = "sha256:2913064abd97b3419d1cc83ea71f042cb821f87e45b9c88cad5ad3c4ea87fe0c"},
]

[[package]]
name = "chardet"
version = "5.2.0"
requires_python = ">=3.7"
summary = "Universal encoding detector for Python 3"
groups = ["default"]
files = [
    {file = "chardet-5.2.0-py3-none-any.whl", hash = "sha256:e1cf59446890a00105fe7b7912492ea04b6e6f06d4b742b2c788469e34c82970"},
    {file = "chardet-5.2.0.tar.gz", hash = "sha256:1b3b6ff479a8c414bc3fa2c0852995695c4a026dcd6d0633b2dd092ca39c1cf7"},
]

[[package]]
name = "colorama"
version = "0.4.6"
requires_python = "!=3.0.*,!=3.1.*,!=3.2.*,!=3.3.*,!=3.4.*,!=3.5.*,!=3.6.*,>=2.7"
summary = "Cross-platform colored terminal text."
groups = ["test"]
marker = "sys_platform == \"win32\""
files = [
    {file = "colorama-0.4.6-py2.py3-none-any.whl", hash = "sha256:4f1d9991f5acc0ca119f9d443620b77f9d6b33703e51011c16baf57afb285fc6"},
    {file = "colorama-0.4.6.tar.gz", hash = "sha256:08695f5cb7ed6e0531a20572697297273c47b8cae5a63ffc6d6ed5c201be6e44"},
]

[[package]]
name = "cydifflib"
version = "1.1.0"
requires_python = ">=3.8"
summary = "Fast implementation of difflib's algorithms"
groups = ["default"]
files = [
    {file = "cydifflib-1.1.0-cp311-cp311-macosx_10_9_universal2.whl", hash = "sha256:ec99090116bd92200088d1e0c9eab0388e40f408c57bd289683bd2b0cdf70aa4"},
    {file = "cydifflib-1.1.0-cp311-cp311-macosx_10_9_x86_64.whl", hash = "sha256:f895058f07c075fdc87ef17f556df4103e1e2bd674101b5cb6606404939e1752"},
    {file = "cydifflib-1.1.0-cp311-cp311-macosx_11_0_arm64.whl", hash = "sha256:f9d93b38e8f5f4656f2ef00ef7301771fb750bb4a329c0a144db01d5e8c05da2"},
    {file = "cydifflib-1.1.0-cp311-cp311-manylinux_2_17_aarch64.manylinux2014_aarch64.whl", hash = "sha256:a74341ce4c85145550ff1ca4abcf07882b9bd6c66d979fbdbd4d432f14a59694"},
    {file = "cydifflib-1.1.0-cp311-cp311-manylinux_2_17_ppc64le.manylinux2014_ppc64le.whl", hash = "sha256:3df7f7f6e0f18e0a780cbbaeafe286715ff2c0f71403cc73985836125144e5e0"},
    {file = "cydifflib-1.1.0-cp311-cp311-manylinux_2_17_s390x.manylinux2014_s390x.whl", hash = "sha256:75457f5230814a211d0923195b7fbd62c7194fed8d04bdaaf67fa6dba52fad48"},
    {file = "cydifflib-1.1.0-cp311-cp311-manylinux_2_17_x86_64.manylinux2014_x86_64.whl", hash = "sha256:d1f1a354079432bf0497a7d38f53e787112a6d01926fb9f6f66aea2bc8ff4b13"},
    {file = "cydifflib-1.1.0-cp311-cp311-manylinux_2_5_i686.manylinux1_i686.manylinux_2_17_i686.manylinux2014_i686.whl", hash = "sha256:7d4a3216f82d84cc5051b7916e48c970f9ebebe68dcebc588e0d255bf4f74662"},
    {file = "cydifflib-1.1.0-cp311-cp311-musllinux_1_1_aarch64.whl", hash = "sha256:cbaf477e0f7eddc5f08bcb6286ea6076f97526d1b4be6b62742f387d9e417847"},
    {file = "cydifflib-1.1.0-cp311-cp311-musllinux_1_1_i686.whl", hash = "sha256:2126e8e4404843c931f257540c6709e485f8768f8bd3998c35c09d9fb7938894"},
    {file = "cydifflib-1.1.0-cp311-cp311-musllinux_1_1_ppc64le.whl", hash = "sha256:8954a74599ba6d3c42b49b201de01ed54849e0bc347b8da4a99e02e0ce0e8423"},
    {file = "cydifflib-1.1.0-cp311-cp311-musllinux_1_1_s390x.whl", hash = "sha256:8111cae715178813442e39c6881226136bf8b48a16e921dcb98e13bd61f1b354"},
    {file = "cydifflib-1.1.0-cp311-cp311-musllinux_1_1_x86_64.whl", hash = "sha256:6455c5ccbba1b518c146c167ade444bc2f6ae3b19f480f8fd2bf43c495d028a0"},
    {file = "cydifflib-1.1.0-cp311-cp311-win32.whl", hash = "sha256:84bff691a0c7838042e8f055310ace53e8c27ed5bb6037e0e97255caa3bd72bc"},
    {file = "cydifflib-1.1.0-cp311-cp311-win_amd64.whl", hash = "sha256:50c9c80748f92957c98fc101a5075b1cc52f6628865d54eaac0f0d9168627b18"},
    {file = "cydifflib-1.1.0-cp311-cp311-win_arm64.whl", hash = "sha256:023b80e68c74c035b2600c96b7b2229e83f58f1c1dab69bb655f27bf93a6ada1"},
    {file = "cydifflib-1.1.0-cp312-cp312-macosx_10_9_universal2.whl", hash = "sha256:d05e3f89bb5f62357dca9375bab6dcbf3096db59c654afd9d1f118e5d49d24e9"},
    {file = "cydifflib-1.1.0-cp312-cp312-macosx_10_9_x86_64.whl", hash = "sha256:6883f510ce0d0fec525d088a7dc9659fc6eeea230d57e6c15541bacb26c9ba8f"},
    {file = "cydifflib-1.1.0-cp312-cp312-macosx_11_0_arm64.whl", hash = "sha256:ec4f8a3ad074c4c3b4c677317198186040b6d2581862f821a09443b7de729b7f"},
    {file = "cydifflib-1.1.0-cp312-cp312-manylinux_2_17_aarch64.manylinux2014_aarch64.whl", hash = "sha256:fae2335f77e95c9a8d0444e251ec27fdceb3db68f2702909765322c7c26aa98b"},
    {file = "cydifflib-1.1.0-cp312-cp312-manylinux_2_17_ppc64le.manylinux2014_ppc64le.whl", hash = "sha256:d69c9cd581d6eec050e124216c076a9123a88cdac96f97d47099bf1ee06fa24e"},
    {file = "cydifflib-1.1.0-cp312-cp312-manylinux_2_17_s390x.manylinux2014_s390x.whl", hash = "sha256:f0dc0cdb00630e0ba42b1560eccac6cd5c5c11eeac50174416a979c4a669b6e4"},
    {file = "cydifflib-1.1.0-cp312-cp312-manylinux_2_17_x86_64.manylinux2014_x86_64.whl", hash = "sha256:3827e286402c7d7189beaaa693391952fb83e924cc3daea478558aa1aabb52b6"},
    {file = "cydifflib-1.1.0-cp312-cp312-manylinux_2_5_i686.manylinux1_i686.manylinux_2_17_i686.manylinux2014_i686.whl", hash = "sha256:551de7841d530afaa62cfd7f74a20cacb5affacd90f64d2bf666f8682d299a76"},
    {file = "cydifflib-1.1.0-cp312-cp312-musllinux_1_1_aarch64.whl", hash = "sha256:444993cacefff7111b97031e56aabba914d90c4da2d1a114f7210308b7f281af"},
    {file = "cydifflib-1.1.0-cp312-cp312-musllinux_1_1_i686.whl", hash = "sha256:a94ca672d7c8e31ea12ee6525d9428c10fd3f967481d6c4267975fbbabf8afe3"},
    {file = "cydifflib-1.1.0-cp312-cp312-musllinux_1_1_ppc64le.whl", hash = "sha256:a7478adbe4696d477853dbc3c77e9ae671b0a07b64a41f9cef0ca3c6680b52c2"},
    {file = "cydifflib-1.1.0-cp312-cp312-musllinux_1_1_s390x.whl", hash = "sha256:c326a1d43065be143da251fb0d720cd00592bb9b8b79134beefff1fe5e62a81f"},
    {file = "cydifflib-1.1.0-cp312-cp312-musllinux_1_1_x86_64.whl", hash = "sha256:eb8a5300570b9c62c47c366663cbe4db1992476ec8e423d6b7a66f8939a97d93"},
    {file = "cydifflib-1.1.0-cp312-cp312-win32.whl", hash = "sha256:3a9c8a4937fee10d4e38d3f9f51c1da8fbdbc8e702c10c98d449755eba76832b"},
    {file = "cydifflib-1.1.0-cp312-cp312-win_amd64.whl", hash = "sha256:77eb9885e8f1e204b5a10e5ae7530111f656d4d7436814ed9cdec0d9a5c3b664"},
    {file = "cydifflib-1.1.0-cp312-cp312-win_arm64.whl", hash = "sha256:8579aafd1e95a44bddd23a33fa0443d90e8c3e22f1d73fe15fbf763cc47e36b4"},
    {file = "cydifflib-1.1.0-pp38-pypy38_pp73-macosx_10_9_x86_64.whl", hash = "sha256:72a5bea8845c4d361ada3a1d0805e2971024c416ef7bd53445ff18e029c82e0a"},
    {file = "cydifflib-1.1.0-pp38-pypy38_pp73-manylinux_2_17_aarch64.manylinux2014_aarch64.whl", hash = "sha256:ac1eb97fd4bc6483cd67ef300f5b5569a6dd2da137b9059a010bdd7ebafb2fba"},
    {file = "cydifflib-1.1.0-pp38-pypy38_pp73-manylinux_2_17_x86_64.manylinux2014_x86_64.whl", hash = "sha256:0c4b99a501e6c2bdb1c071d9f3ed3c22b42ace04985166f2b3db8959e424d226"},
    {file = "cydifflib-1.1.0-pp38-pypy38_pp73-manylinux_2_5_i686.manylinux1_i686.manylinux_2_17_i686.manylinux2014_i686.whl", hash = "sha256:e55642068eff84da67657b430b79f0634599526d64cca0a5300b4b3156571e1a"},
    {file = "cydifflib-1.1.0-pp38-pypy38_pp73-win_amd64.whl", hash = "sha256:e7010322cdff29823d3ec102a5f7ed099f2e6b32dc5e403ba32027c76f638a8b"},
    {file = "cydifflib-1.1.0-pp39-pypy39_pp73-macosx_10_9_x86_64.whl", hash = "sha256:c3e2178c071bbfdd91ac85779cbfbd1395d539fe56abbe2aa605d33b5da23a32"},
    {file = "cydifflib-1.1.0-pp39-pypy39_pp73-manylinux_2_17_aarch64.manylinux2014_aarch64.whl", hash = "sha256:5cd76c02c0d893cba616fc061cd2ccc52112e6723e87a563ffee08d7f5fcbf12"},
    {file = "cydifflib-1.1.0-pp39-pypy39_pp73-manylinux_2_17_x86_64.manylinux2014_x86_64.whl", hash = "sha256:e2cd610ce7ab85e97844eb5ced01c32c515fcda356f28f91537dacedb4335c54"},
    {file = "cydifflib-1.1.0-pp39-pypy39_pp73-manylinux_2_5_i686.manylinux1_i686.manylinux_2_17_i686.manylinux2014_i686.whl", hash = "sha256:7b109402fbadcd2fc7951e8362af99ab409644ee24fe3724aa1176b313d32ada"},
    {file = "cydifflib-1.1.0-pp39-pypy39_pp73-win_amd64.whl", hash = "sha256:81839e764a32a8820873d44bee7a28dcc42d7f3c06df6d4803ee89334636b6c0"},
    {file = "cydifflib-1.1.0.tar.gz", hash = "sha256:9117957ed05944d51d6788580a9a0519f113532e76b4e8bfaf8ffb9eeeca2e8a"},
]

[[package]]
name = "cython"
version = "3.0.9"
requires_python = ">=2.7, !=3.0.*, !=3.1.*, !=3.2.*, !=3.3.*"
summary = "The Cython compiler for writing C extensions in the Python language."
groups = ["gui-design"]
marker = "sys_platform == \"darwin\""
files = [
    {file = "Cython-3.0.9-cp311-cp311-macosx_10_9_x86_64.whl", hash = "sha256:35e6665a20d6b8a152d72b7fd87dbb2af6bb6b18a235b71add68122d594dbd41"},
    {file = "Cython-3.0.9-cp311-cp311-manylinux_2_17_aarch64.manylinux2014_aarch64.whl", hash = "sha256:f92f4960c40ad027bd8c364c50db11104eadc59ffeb9e5b7f605ca2f05946e20"},
    {file = "Cython-3.0.9-cp311-cp311-manylinux_2_17_x86_64.manylinux2014_x86_64.whl", hash = "sha256:38df37d0e732fbd9a2fef898788492e82b770c33d1e4ed12444bbc8a3b3f89c0"},
    {file = "Cython-3.0.9-cp311-cp311-manylinux_2_5_i686.manylinux1_i686.manylinux_2_17_i686.manylinux2014_i686.whl", hash = "sha256:ad7fd88ebaeaf2e76fd729a8919fae80dab3d6ac0005e28494261d52ff347a8f"},
    {file = "Cython-3.0.9-cp311-cp311-musllinux_1_1_aarch64.whl", hash = "sha256:1365d5f76bf4d19df3d19ce932584c9bb76e9fb096185168918ef9b36e06bfa4"},
    {file = "Cython-3.0.9-cp311-cp311-musllinux_1_1_x86_64.whl", hash = "sha256:c232e7f279388ac9625c3e5a5a9f0078a9334959c5d6458052c65bbbba895e1e"},
    {file = "Cython-3.0.9-cp311-cp311-win32.whl", hash = "sha256:357e2fad46a25030b0c0496487e01a9dc0fdd0c09df0897f554d8ba3c1bc4872"},
    {file = "Cython-3.0.9-cp311-cp311-win_amd64.whl", hash = "sha256:1315aee506506e8d69cf6631d8769e6b10131fdcc0eb66df2698f2a3ddaeeff2"},
    {file = "Cython-3.0.9-cp312-cp312-macosx_10_9_x86_64.whl", hash = "sha256:157973807c2796addbed5fbc4d9c882ab34bbc60dc297ca729504901479d5df7"},
    {file = "Cython-3.0.9-cp312-cp312-manylinux_2_17_aarch64.manylinux2014_aarch64.whl", hash = "sha256:00b105b5d050645dd59e6767bc0f18b48a4aa11c85f42ec7dd8181606f4059e3"},
    {file = "Cython-3.0.9-cp312-cp312-manylinux_2_17_x86_64.manylinux2014_x86_64.whl", hash = "sha256:ac5536d09bef240cae0416d5a703d298b74c7bbc397da803ac9d344e732d4369"},
    {file = "Cython-3.0.9-cp312-cp312-manylinux_2_5_i686.manylinux1_i686.manylinux_2_17_i686.manylinux2014_i686.whl", hash = "sha256:09c44501d476d16aaa4cbc29c87f8c0f54fc20e69b650d59cbfa4863426fc70c"},
    {file = "Cython-3.0.9-cp312-cp312-musllinux_1_1_aarch64.whl", hash = "sha256:cc9c3b9f20d8e298618e5ccd32083ca386e785b08f9893fbec4c50b6b85be772"},
    {file = "Cython-3.0.9-cp312-cp312-musllinux_1_1_x86_64.whl", hash = "sha256:a30d96938c633e3ec37000ac3796525da71254ef109e66bdfd78f29891af6454"},
    {file = "Cython-3.0.9-cp312-cp312-win32.whl", hash = "sha256:757ca93bdd80702546df4d610d2494ef2e74249cac4d5ba9464589fb464bd8a3"},
    {file = "Cython-3.0.9-cp312-cp312-win_amd64.whl", hash = "sha256:1dc320a9905ab95414013f6de805efbff9e17bb5fb3b90bbac533f017bec8136"},
    {file = "Cython-3.0.9-py2.py3-none-any.whl", hash = "sha256:bf96417714353c5454c2e3238fca9338599330cf51625cdc1ca698684465646f"},
    {file = "Cython-3.0.9.tar.gz", hash = "sha256:a2d354f059d1f055d34cfaa62c5b68bc78ac2ceab6407148d47fb508cf3ba4f3"},
]

[[package]]
name = "iniconfig"
version = "2.0.0"
requires_python = ">=3.7"
summary = "brain-dead simple config-ini parsing"
groups = ["test"]
files = [
    {file = "iniconfig-2.0.0-py3-none-any.whl", hash = "sha256:b6a85871a79d2e3b22d2d1b94ac2824226a63c6b741c88f7ae975f18b6778374"},
    {file = "iniconfig-2.0.0.tar.gz", hash = "sha256:2d91e135bf72d31a410b17c16da610a82cb55f6b0477d1a902134b24a455b8b3"},
]

[[package]]
name = "mako"
version = "1.3.2"
requires_python = ">=3.8"
summary = "A super-fast templating language that borrows the best ideas from the existing templating languages."
groups = ["gui-design"]
dependencies = [
    "MarkupSafe>=0.9.2",
]
files = [
    {file = "Mako-1.3.2-py3-none-any.whl", hash = "sha256:32a99d70754dfce237019d17ffe4a282d2d3351b9c476e90d8a60e63f133b80c"},
    {file = "Mako-1.3.2.tar.gz", hash = "sha256:2a0c8ad7f6274271b3bb7467dd37cf9cc6dab4bc19cb69a4ef10669402de698e"},
]

[[package]]
name = "markupsafe"
version = "2.1.5"
requires_python = ">=3.7"
summary = "Safely add untrusted strings to HTML/XML markup."
groups = ["gui-design"]
files = [
    {file = "MarkupSafe-2.1.5-cp311-cp311-macosx_10_9_universal2.whl", hash = "sha256:629ddd2ca402ae6dbedfceeba9c46d5f7b2a61d9749597d4307f943ef198fc1f"},
    {file = "MarkupSafe-2.1.5-cp311-cp311-macosx_10_9_x86_64.whl", hash = "sha256:5b7b716f97b52c5a14bffdf688f971b2d5ef4029127f1ad7a513973cfd818df2"},
    {file = "MarkupSafe-2.1.5-cp311-cp311-manylinux_2_17_aarch64.manylinux2014_aarch64.whl", hash = "sha256:6ec585f69cec0aa07d945b20805be741395e28ac1627333b1c5b0105962ffced"},
    {file = "MarkupSafe-2.1.5-cp311-cp311-manylinux_2_17_x86_64.manylinux2014_x86_64.whl", hash = "sha256:b91c037585eba9095565a3556f611e3cbfaa42ca1e865f7b8015fe5c7336d5a5"},
    {file = "MarkupSafe-2.1.5-cp311-cp311-manylinux_2_5_i686.manylinux1_i686.manylinux_2_17_i686.manylinux2014_i686.whl", hash = "sha256:7502934a33b54030eaf1194c21c692a534196063db72176b0c4028e140f8f32c"},
    {file = "MarkupSafe-2.1.5-cp311-cp311-musllinux_1_1_aarch64.whl", hash = "sha256:0e397ac966fdf721b2c528cf028494e86172b4feba51d65f81ffd65c63798f3f"},
    {file = "MarkupSafe-2.1.5-cp311-cp311-musllinux_1_1_i686.whl", hash = "sha256:c061bb86a71b42465156a3ee7bd58c8c2ceacdbeb95d05a99893e08b8467359a"},
    {file = "MarkupSafe-2.1.5-cp311-cp311-musllinux_1_1_x86_64.whl", hash = "sha256:3a57fdd7ce31c7ff06cdfbf31dafa96cc533c21e443d57f5b1ecc6cdc668ec7f"},
    {file = "MarkupSafe-2.1.5-cp311-cp311-win32.whl", hash = "sha256:397081c1a0bfb5124355710fe79478cdbeb39626492b15d399526ae53422b906"},
    {file = "MarkupSafe-2.1.5-cp311-cp311-win_amd64.whl", hash = "sha256:2b7c57a4dfc4f16f7142221afe5ba4e093e09e728ca65c51f5620c9aaeb9a617"},
    {file = "MarkupSafe-2.1.5-cp312-cp312-macosx_10_9_universal2.whl", hash = "sha256:8dec4936e9c3100156f8a2dc89c4b88d5c435175ff03413b443469c7c8c5f4d1"},
    {file = "MarkupSafe-2.1.5-cp312-cp312-macosx_10_9_x86_64.whl", hash = "sha256:3c6b973f22eb18a789b1460b4b91bf04ae3f0c4234a0a6aa6b0a92f6f7b951d4"},
    {file = "MarkupSafe-2.1.5-cp312-cp312-manylinux_2_17_aarch64.manylinux2014_aarch64.whl", hash = "sha256:ac07bad82163452a6884fe8fa0963fb98c2346ba78d779ec06bd7a6262132aee"},
    {file = "MarkupSafe-2.1.5-cp312-cp312-manylinux_2_17_x86_64.manylinux2014_x86_64.whl", hash = "sha256:f5dfb42c4604dddc8e4305050aa6deb084540643ed5804d7455b5df8fe16f5e5"},
    {file = "MarkupSafe-2.1.5-cp312-cp312-manylinux_2_5_i686.manylinux1_i686.manylinux_2_17_i686.manylinux2014_i686.whl", hash = "sha256:ea3d8a3d18833cf4304cd2fc9cbb1efe188ca9b5efef2bdac7adc20594a0e46b"},
    {file = "MarkupSafe-2.1.5-cp312-cp312-musllinux_1_1_aarch64.whl", hash = "sha256:d050b3361367a06d752db6ead6e7edeb0009be66bc3bae0ee9d97fb326badc2a"},
    {file = "MarkupSafe-2.1.5-cp312-cp312-musllinux_1_1_i686.whl", hash = "sha256:bec0a414d016ac1a18862a519e54b2fd0fc8bbfd6890376898a6c0891dd82e9f"},
    {file = "MarkupSafe-2.1.5-cp312-cp312-musllinux_1_1_x86_64.whl", hash = "sha256:58c98fee265677f63a4385256a6d7683ab1832f3ddd1e66fe948d5880c21a169"},
    {file = "MarkupSafe-2.1.5-cp312-cp312-win32.whl", hash = "sha256:8590b4ae07a35970728874632fed7bd57b26b0102df2d2b233b6d9d82f6c62ad"},
    {file = "MarkupSafe-2.1.5-cp312-cp312-win_amd64.whl", hash = "sha256:823b65d8706e32ad2df51ed89496147a42a2a6e01c13cfb6ffb8b1e92bc910bb"},
    {file = "MarkupSafe-2.1.5.tar.gz", hash = "sha256:d283d37a890ba4c1ae73ffadf8046435c76e7bc2247bbb63c00bd1a709c6544b"},
]

[[package]]
name = "packaging"
version = "23.2"
requires_python = ">=3.7"
summary = "Core utilities for Python packages"
groups = ["test"]
files = [
    {file = "packaging-23.2-py3-none-any.whl", hash = "sha256:8c491190033a9af7e1d931d0b5dacc2ef47509b34dd0de67ed209b5203fc88c7"},
    {file = "packaging-23.2.tar.gz", hash = "sha256:048fb0e9405036518eaaf48a55953c750c11e1a1b68e0dd1a9d62ed0c092cfc5"},
]

[[package]]
name = "pillow"
version = "10.2.0"
requires_python = ">=3.8"
summary = "Python Imaging Library (Fork)"
groups = ["default"]
files = [
    {file = "pillow-10.2.0-cp311-cp311-macosx_10_10_x86_64.whl", hash = "sha256:35bb52c37f256f662abdfa49d2dfa6ce5d93281d323a9af377a120e89a9eafb5"},
    {file = "pillow-10.2.0-cp311-cp311-macosx_11_0_arm64.whl", hash = "sha256:9c23f307202661071d94b5e384e1e1dc7dfb972a28a2310e4ee16103e66ddb67"},
    {file = "pillow-10.2.0-cp311-cp311-manylinux_2_17_aarch64.manylinux2014_aarch64.whl", hash = "sha256:773efe0603db30c281521a7c0214cad7836c03b8ccff897beae9b47c0b657d61"},
    {file = "pillow-10.2.0-cp311-cp311-manylinux_2_17_x86_64.manylinux2014_x86_64.whl", hash = "sha256:11fa2e5984b949b0dd6d7a94d967743d87c577ff0b83392f17cb3990d0d2fd6e"},
    {file = "pillow-10.2.0-cp311-cp311-manylinux_2_28_aarch64.whl", hash = "sha256:716d30ed977be8b37d3ef185fecb9e5a1d62d110dfbdcd1e2a122ab46fddb03f"},
    {file = "pillow-10.2.0-cp311-cp311-manylinux_2_28_x86_64.whl", hash = "sha256:a086c2af425c5f62a65e12fbf385f7c9fcb8f107d0849dba5839461a129cf311"},
    {file = "pillow-10.2.0-cp311-cp311-musllinux_1_1_aarch64.whl", hash = "sha256:c8de2789052ed501dd829e9cae8d3dcce7acb4777ea4a479c14521c942d395b1"},
    {file = "pillow-10.2.0-cp311-cp311-musllinux_1_1_x86_64.whl", hash = "sha256:609448742444d9290fd687940ac0b57fb35e6fd92bdb65386e08e99af60bf757"},
    {file = "pillow-10.2.0-cp311-cp311-win32.whl", hash = "sha256:823ef7a27cf86df6597fa0671066c1b596f69eba53efa3d1e1cb8b30f3533068"},
    {file = "pillow-10.2.0-cp311-cp311-win_amd64.whl", hash = "sha256:1da3b2703afd040cf65ec97efea81cfba59cdbed9c11d8efc5ab09df9509fc56"},
    {file = "pillow-10.2.0-cp311-cp311-win_arm64.whl", hash = "sha256:edca80cbfb2b68d7b56930b84a0e45ae1694aeba0541f798e908a49d66b837f1"},
    {file = "pillow-10.2.0-cp312-cp312-macosx_10_10_x86_64.whl", hash = "sha256:1b5e1b74d1bd1b78bc3477528919414874748dd363e6272efd5abf7654e68bef"},
    {file = "pillow-10.2.0-cp312-cp312-macosx_11_0_arm64.whl", hash = "sha256:0eae2073305f451d8ecacb5474997c08569fb4eb4ac231ffa4ad7d342fdc25ac"},
    {file = "pillow-10.2.0-cp312-cp312-manylinux_2_17_aarch64.manylinux2014_aarch64.whl", hash = "sha256:b7c2286c23cd350b80d2fc9d424fc797575fb16f854b831d16fd47ceec078f2c"},
    {file = "pillow-10.2.0-cp312-cp312-manylinux_2_17_x86_64.manylinux2014_x86_64.whl", hash = "sha256:1e23412b5c41e58cec602f1135c57dfcf15482013ce6e5f093a86db69646a5aa"},
    {file = "pillow-10.2.0-cp312-cp312-manylinux_2_28_aarch64.whl", hash = "sha256:52a50aa3fb3acb9cf7213573ef55d31d6eca37f5709c69e6858fe3bc04a5c2a2"},
    {file = "pillow-10.2.0-cp312-cp312-manylinux_2_28_x86_64.whl", hash = "sha256:127cee571038f252a552760076407f9cff79761c3d436a12af6000cd182a9d04"},
    {file = "pillow-10.2.0-cp312-cp312-musllinux_1_1_aarch64.whl", hash = "sha256:8d12251f02d69d8310b046e82572ed486685c38f02176bd08baf216746eb947f"},
    {file = "pillow-10.2.0-cp312-cp312-musllinux_1_1_x86_64.whl", hash = "sha256:54f1852cd531aa981bc0965b7d609f5f6cc8ce8c41b1139f6ed6b3c54ab82bfb"},
    {file = "pillow-10.2.0-cp312-cp312-win32.whl", hash = "sha256:257d8788df5ca62c980314053197f4d46eefedf4e6175bc9412f14412ec4ea2f"},
    {file = "pillow-10.2.0-cp312-cp312-win_amd64.whl", hash = "sha256:154e939c5f0053a383de4fd3d3da48d9427a7e985f58af8e94d0b3c9fcfcf4f9"},
    {file = "pillow-10.2.0-cp312-cp312-win_arm64.whl", hash = "sha256:f379abd2f1e3dddb2b61bc67977a6b5a0a3f7485538bcc6f39ec76163891ee48"},
    {file = "pillow-10.2.0-pp310-pypy310_pp73-macosx_10_10_x86_64.whl", hash = "sha256:322209c642aabdd6207517e9739c704dc9f9db943015535783239022002f054a"},
    {file = "pillow-10.2.0-pp310-pypy310_pp73-manylinux_2_17_aarch64.manylinux2014_aarch64.whl", hash = "sha256:3eedd52442c0a5ff4f887fab0c1c0bb164d8635b32c894bc1faf4c618dd89df2"},
    {file = "pillow-10.2.0-pp310-pypy310_pp73-manylinux_2_17_x86_64.manylinux2014_x86_64.whl", hash = "sha256:cb28c753fd5eb3dd859b4ee95de66cc62af91bcff5db5f2571d32a520baf1f04"},
    {file = "pillow-10.2.0-pp310-pypy310_pp73-manylinux_2_28_aarch64.whl", hash = "sha256:33870dc4653c5017bf4c8873e5488d8f8d5f8935e2f1fb9a2208c47cdd66efd2"},
    {file = "pillow-10.2.0-pp310-pypy310_pp73-manylinux_2_28_x86_64.whl", hash = "sha256:3c31822339516fb3c82d03f30e22b1d038da87ef27b6a78c9549888f8ceda39a"},
    {file = "pillow-10.2.0-pp310-pypy310_pp73-win_amd64.whl", hash = "sha256:a2b56ba36e05f973d450582fb015594aaa78834fefe8dfb8fcd79b93e64ba4c6"},
    {file = "pillow-10.2.0-pp38-pypy38_pp73-win_amd64.whl", hash = "sha256:d8e6aeb9201e655354b3ad049cb77d19813ad4ece0df1249d3c793de3774f8c7"},
    {file = "pillow-10.2.0-pp39-pypy39_pp73-macosx_10_10_x86_64.whl", hash = "sha256:2247178effb34a77c11c0e8ac355c7a741ceca0a732b27bf11e747bbc950722f"},
    {file = "pillow-10.2.0-pp39-pypy39_pp73-manylinux_2_17_aarch64.manylinux2014_aarch64.whl", hash = "sha256:15587643b9e5eb26c48e49a7b33659790d28f190fc514a322d55da2fb5c2950e"},
    {file = "pillow-10.2.0-pp39-pypy39_pp73-manylinux_2_17_x86_64.manylinux2014_x86_64.whl", hash = "sha256:753cd8f2086b2b80180d9b3010dd4ed147efc167c90d3bf593fe2af21265e5a5"},
    {file = "pillow-10.2.0-pp39-pypy39_pp73-manylinux_2_28_aarch64.whl", hash = "sha256:7c8f97e8e7a9009bcacbe3766a36175056c12f9a44e6e6f2d5caad06dcfbf03b"},
    {file = "pillow-10.2.0-pp39-pypy39_pp73-manylinux_2_28_x86_64.whl", hash = "sha256:d1b35bcd6c5543b9cb547dee3150c93008f8dd0f1fef78fc0cd2b141c5baf58a"},
    {file = "pillow-10.2.0-pp39-pypy39_pp73-win_amd64.whl", hash = "sha256:fe4c15f6c9285dc54ce6553a3ce908ed37c8f3825b5a51a15c91442bb955b868"},
    {file = "pillow-10.2.0.tar.gz", hash = "sha256:e87f0b2c78157e12d7686b27d63c070fd65d994e8ddae6f328e0dcf4a0cd007e"},
]

[[package]]
name = "pluggy"
version = "1.4.0"
requires_python = ">=3.8"
summary = "plugin and hook calling mechanisms for python"
groups = ["test"]
files = [
    {file = "pluggy-1.4.0-py3-none-any.whl", hash = "sha256:7db9f7b503d67d1c5b95f59773ebb58a8c1c288129a88665838012cfb07b8981"},
    {file = "pluggy-1.4.0.tar.gz", hash = "sha256:8c85c2876142a764e5b7548e7d9a0e0ddb46f5185161049a79b7e974454223be"},
]

[[package]]
name = "pycodestyle"
version = "2.11.1"
requires_python = ">=3.8"
summary = "Python style guide checker"
groups = ["gui-design"]
files = [
    {file = "pycodestyle-2.11.1-py2.py3-none-any.whl", hash = "sha256:44fe31000b2d866f2e41841b18528a505fbd7fef9017b04eff4e2648a0fadc67"},
    {file = "pycodestyle-2.11.1.tar.gz", hash = "sha256:41ba0e7afc9752dfb53ced5489e89f8186be00e599e712660695b7a75ff2663f"},
]

[[package]]
name = "pygubu"
version = "0.34"
requires_python = ">=3.6"
summary = "A simple GUI builder for the python tkinter module"
groups = ["gui-design"]
files = [
    {file = "pygubu-0.34-py3-none-any.whl", hash = "sha256:ecd16134344665b2f76f4f107ae960db3b76c2be5df679b922dd518c48481ddd"},
    {file = "pygubu-0.34.tar.gz", hash = "sha256:39cc53b25bcaca61e2b628584818d4124aeee68bf76df067ad152cb2182902ff"},
]

[[package]]
name = "pygubu-designer"
version = "0.38"
requires_python = ">=3.6"
summary = "A simple GUI designer for the python tkinter module"
groups = ["gui-design"]
dependencies = [
    "Mako>=1.1.4",
    "appdirs>=1.4.3",
    "autopep8>=1.7",
    "pygubu>=0.33",
    "screeninfo>=0.8",
]
files = [
    {file = "pygubu-designer-0.38.tar.gz", hash = "sha256:e7cc37446aa2b339229fe01f7a4f49d69eed0ab411c5aa9eb38699a2e25c3fac"},
    {file = "pygubu_designer-0.38-py3-none-any.whl", hash = "sha256:9876fb8eda6d8815e01f8a8110bcd52054f5756e63f6f257e0829da7359016e5"},
]

[[package]]
name = "pyobjc-core"
version = "10.1"
requires_python = ">=3.8"
summary = "Python<->ObjC Interoperability Module"
groups = ["gui-design"]
marker = "sys_platform == \"darwin\""
files = [
    {file = "pyobjc-core-10.1.tar.gz", hash = "sha256:1844f1c8e282839e6fdcb9a9722396c1c12fb1e9331eb68828a26f28a3b2b2b1"},
    {file = "pyobjc_core-10.1-cp311-cp311-macosx_10_9_universal2.whl", hash = "sha256:fe1b9987b7b0437685fb529832876c2a8463500114960d4e76bb8ae96b6bf208"},
    {file = "pyobjc_core-10.1-cp312-cp312-macosx_10_9_universal2.whl", hash = "sha256:9f628779c345d3abd0e20048fb0e256d894c22254577a81a6dcfdb92c3647682"},
]

[[package]]
name = "pyobjc-framework-cocoa"
version = "10.1"
requires_python = ">=3.8"
summary = "Wrappers for the Cocoa frameworks on macOS"
groups = ["gui-design"]
marker = "sys_platform == \"darwin\""
dependencies = [
    "pyobjc-core>=10.1",
]
files = [
    {file = "pyobjc-framework-Cocoa-10.1.tar.gz", hash = "sha256:8faaf1292a112e488b777d0c19862d993f3f384f3927dc6eca0d8d2221906a14"},
    {file = "pyobjc_framework_Cocoa-10.1-cp311-cp311-macosx_10_9_universal2.whl", hash = "sha256:0860a9beb7e5c72a1f575679a6d1428a398fa19ad710fb116df899972912e304"},
    {file = "pyobjc_framework_Cocoa-10.1-cp312-cp312-macosx_10_9_universal2.whl", hash = "sha256:34b791ea740e1afce211f19334e45469fea9a48d8fce5072e146199fd19ff49f"},
]

[[package]]
name = "pytest"
version = "7.4.4"
requires_python = ">=3.7"
summary = "pytest: simple powerful testing with Python"
groups = ["test"]
dependencies = [
    "colorama; sys_platform == \"win32\"",
    "iniconfig",
    "packaging",
    "pluggy<2.0,>=0.12",
]
files = [
    {file = "pytest-7.4.4-py3-none-any.whl", hash = "sha256:b090cdf5ed60bf4c45261be03239c2c1c22df034fbffe691abe93cd80cea01d8"},
    {file = "pytest-7.4.4.tar.gz", hash = "sha256:2cf0005922c6ace4a3e2ec8b4080eb0d9753fdc93107415332f50ce9e7994280"},
]

[[package]]
name = "screeninfo"
version = "0.8.1"
requires_python = ">=3.6.2,<4.0.0"
summary = "Fetch location and size of physical screens."
groups = ["gui-design"]
dependencies = [
    "Cython; sys_platform == \"darwin\"",
    "pyobjc-framework-Cocoa; sys_platform == \"darwin\"",
]
files = [
    {file = "screeninfo-0.8.1-py3-none-any.whl", hash = "sha256:e97d6b173856edcfa3bd282f81deb528188aff14b11ec3e195584e7641be733c"},
    {file = "screeninfo-0.8.1.tar.gz", hash = "sha256:9983076bcc7e34402a1a9e4d7dabf3729411fd2abb3f3b4be7eba73519cd2ed1"},
]

[[package]]
name = "ttkbootstrap"
version = "1.10.1"
requires_python = ">=3.7"
summary = "A supercharged theme extension for tkinter that enables on-demand modern flat style themes inspired by Bootstrap."
groups = ["default"]
dependencies = [
    "pillow>=8.2.0",
]
files = [
    {file = "ttkbootstrap-1.10.1-py3-none-any.whl", hash = "sha256:c6a10ee5ea64051a0f8b75c20ef8e5f2417c62b4d0858c831683d4f2135aa573"},
    {file = "ttkbootstrap-1.10.1.tar.gz", hash = "sha256:53925525c4104f9e345627500dced2d0392ad74324b2a81467aaee3ffbe1a474"},
]
